
Microsoft Visual Studio Solution File, Format Version 12.00
# Visual Studio Version 16
VisualStudioVersion = 16.0.30804.86
MinimumVisualStudioVersion = 10.0.40219.1
Project("{FAE04EC0-301F-11D3-BF4B-00C04F79EFBC}") = "ClassMetotDemo", "ClassMetotDemo\ClassMetotDemo.csproj", "{AAAF176F-8D26-4170-BE8A-5D60B5DB1626}"
EndProject
Global
	GlobalSection(SolutionConfigurationPlatforms) = preSolution
		Debug|Any CPU = Debug|Any CPU
		Release|Any CPU = Release|Any CPU
	EndGlobalSection
	GlobalSection(ProjectConfigurationPlatforms) = postSolution
		{AAAF176F-8D26-4170-BE8A-5D60B5DB1626}.Debug|Any CPU.ActiveCfg = Debug|Any CPU
		{AAAF176F-8D26-4170-BE8A-5D60B5DB1626}.Debug|Any CPU.Build.0 = Debug|Any CPU
		{AAAF176F-8D26-4170-BE8A-5D60B5DB1626}.Release|Any CPU.ActiveCfg = Release|Any CPU
		{AAAF176F-8D26-4170-BE8A-5D60B5DB1626}.Release|Any CPU.Build.0 = Release|Any CPU
	EndGlobalSection
	GlobalSection(SolutionProperties) = preSolution
		HideSolutionNode = FALSE
	EndGlobalSection
	GlobalSection(ExtensibilityGlobals) = postSolution
		SolutionGuid = {06BD7C8C-8384-4D5B-BF26-2597AE0D3D50}
	EndGlobalSection
EndGlobal
